
Microsoft Visual Studio Solution File, Format Version 12.00
# Visual Studio Version 16
VisualStudioVersion = 16.0.30406.217
MinimumVisualStudioVersion = 10.0.40219.1
Project("{FAE04EC0-301F-11D3-BF4B-00C04F79EFBC}") = "AplikasiLatihanTiga3", "AplikasiLatihanTiga3\AplikasiLatihanTiga3.csproj", "{000D124C-292B-4AB4-8521-6CF5CF7026EC}"
EndProject
Global
	GlobalSection(SolutionConfigurationPlatforms) = preSolution
		Debug|Any CPU = Debug|Any CPU
		Release|Any CPU = Release|Any CPU
	EndGlobalSection
	GlobalSection(ProjectConfigurationPlatforms) = postSolution
		{000D124C-292B-4AB4-8521-6CF5CF7026EC}.Debug|Any CPU.ActiveCfg = Debug|Any CPU
		{000D124C-292B-4AB4-8521-6CF5CF7026EC}.Debug|Any CPU.Build.0 = Debug|Any CPU
		{000D124C-292B-4AB4-8521-6CF5CF7026EC}.Release|Any CPU.ActiveCfg = Release|Any CPU
		{000D124C-292B-4AB4-8521-6CF5CF7026EC}.Release|Any CPU.Build.0 = Release|Any CPU
	EndGlobalSection
	GlobalSection(SolutionProperties) = preSolution
		HideSolutionNode = FALSE
	EndGlobalSection
	GlobalSection(ExtensibilityGlobals) = postSolution
		SolutionGuid = {39EA2B92-69BF-40C3-9280-7A4F74159720}
	EndGlobalSection
EndGlobal
